
Microsoft Visual Studio Solution File, Format Version 12.00
# Visual Studio Version 17
VisualStudioVersion = 17.7.34003.232
MinimumVisualStudioVersion = 10.0.40219.1
Project("{FAE04EC0-301F-11D3-BF4B-00C04F79EFBC}") = "SampleAuthServer.API", "SampleAuthServer.API\SampleAuthServer.API.csproj", "{737FB42E-2F01-44BD-A40B-08097B9DB351}"
EndProject
Project("{FAE04EC0-301F-11D3-BF4B-00C04F79EFBC}") = "TestAppX.API", "TestAppX.API\TestAppX.API.csproj", "{60A2C149-EC44-40A8-8441-0EE976B08F63}"
EndProject
Project("{FAE04EC0-301F-11D3-BF4B-00C04F79EFBC}") = "TestAppY.API", "TestAppY.API\TestAppY.API.csproj", "{F43760A0-C76C-4340-8CD0-20B7FDAE0251}"
EndProject
Project("{FAE04EC0-301F-11D3-BF4B-00C04F79EFBC}") = "TestAppZ.API", "TestAppZ.API\TestAppZ.API.csproj", "{F0F63861-3149-43DC-81EE-B286EA6A0259}"
EndProject
Project("{FAE04EC0-301F-11D3-BF4B-00C04F79EFBC}") = "SharedLibrary", "SharedLibrary\SharedLibrary.csproj", "{F02485F5-0EF4-42B9-9EC9-4A6A6A4D00C2}"
EndProject
Global
	GlobalSection(SolutionConfigurationPlatforms) = preSolution
		Debug|Any CPU = Debug|Any CPU
		Release|Any CPU = Release|Any CPU
	EndGlobalSection
	GlobalSection(ProjectConfigurationPlatforms) = postSolution
		{737FB42E-2F01-44BD-A40B-08097B9DB351}.Debug|Any CPU.ActiveCfg = Debug|Any CPU
		{737FB42E-2F01-44BD-A40B-08097B9DB351}.Debug|Any CPU.Build.0 = Debug|Any CPU
		{737FB42E-2F01-44BD-A40B-08097B9DB351}.Release|Any CPU.ActiveCfg = Release|Any CPU
		{737FB42E-2F01-44BD-A40B-08097B9DB351}.Release|Any CPU.Build.0 = Release|Any CPU
		{60A2C149-EC44-40A8-8441-0EE976B08F63}.Debug|Any CPU.ActiveCfg = Debug|Any CPU
		{60A2C149-EC44-40A8-8441-0EE976B08F63}.Debug|Any CPU.Build.0 = Debug|Any CPU
		{60A2C149-EC44-40A8-8441-0EE976B08F63}.Release|Any CPU.ActiveCfg = Release|Any CPU
		{60A2C149-EC44-40A8-8441-0EE976B08F63}.Release|Any CPU.Build.0 = Release|Any CPU
		{F43760A0-C76C-4340-8CD0-20B7FDAE0251}.Debug|Any CPU.ActiveCfg = Debug|Any CPU
		{F43760A0-C76C-4340-8CD0-20B7FDAE0251}.Debug|Any CPU.Build.0 = Debug|Any CPU
		{F43760A0-C76C-4340-8CD0-20B7FDAE0251}.Release|Any CPU.ActiveCfg = Release|Any CPU
		{F43760A0-C76C-4340-8CD0-20B7FDAE0251}.Release|Any CPU.Build.0 = Release|Any CPU
		{F0F63861-3149-43DC-81EE-B286EA6A0259}.Debug|Any CPU.ActiveCfg = Debug|Any CPU
		{F0F63861-3149-43DC-81EE-B286EA6A0259}.Debug|Any CPU.Build.0 = Debug|Any CPU
		{F0F63861-3149-43DC-81EE-B286EA6A0259}.Release|Any CPU.ActiveCfg = Release|Any CPU
		{F0F63861-3149-43DC-81EE-B286EA6A0259}.Release|Any CPU.Build.0 = Release|Any CPU
		{F02485F5-0EF4-42B9-9EC9-4A6A6A4D00C2}.Debug|Any CPU.ActiveCfg = Debug|Any CPU
		{F02485F5-0EF4-42B9-9EC9-4A6A6A4D00C2}.Debug|Any CPU.Build.0 = Debug|Any CPU
		{F02485F5-0EF4-42B9-9EC9-4A6A6A4D00C2}.Release|Any CPU.ActiveCfg = Release|Any CPU
		{F02485F5-0EF4-42B9-9EC9-4A6A6A4D00C2}.Release|Any CPU.Build.0 = Release|Any CPU
	EndGlobalSection
	GlobalSection(SolutionProperties) = preSolution
		HideSolutionNode = FALSE
	EndGlobalSection
	GlobalSection(ExtensibilityGlobals) = postSolution
		SolutionGuid = {9DD31C0A-892E-46F7-A9F0-16B7DF9B2C36}
	EndGlobalSection
EndGlobal
